lockfileVersion: 5.3

specifiers:
  '@types/js-yaml': ^4.0.5
  '@types/node': ^17.0.0
  js-yaml: ^4.1.0
  tsm: ^2.2.1
  typescript: ^4.5.4
  yaml: ^1.10.2

dependencies:
  '@types/js-yaml': 4.0.5
  '@types/node': 17.0.0
  js-yaml: 4.1.0
  tsm: 2.2.1
  typescript: 4.5.4
  yaml: 1.10.2

packages:

  /@types/js-yaml/4.0.5:
    resolution: {integrity: sha512-FhpRzf927MNQdRZP0J5DLIdTXhjLYzeUTmLAu69mnVksLH9CJY3IuSeEgbKUki7GQZm0WqDkGzyxju2EZGD2wA==}
    dev: false

  /@types/node/17.0.0:
    resolution: {integrity: sha512-eMhwJXc931Ihh4tkU+Y7GiLzT/y/DBNpNtr4yU9O2w3SYBsr9NaOPhQlLKRmoWtI54uNwuo0IOUFQjVOTZYRvw==}
    dev: false

  /argparse/2.0.1:
    resolution: {integrity: sha512-8+9WqebbFzpX9OR+Wa6O29asIogeRMzcGtAINdpMHHyAg10f05aSFVBbcEqGf/PXw1EjAZ+q2/bEBg3DvurK3Q==}
    dev: false

  /esbuild-android-arm64/0.14.14:
    resolution: {integrity: sha512-be/Uw6DdpQiPfula1J4bdmA+wtZ6T3BRCZsDMFB5X+k0Gp8TIh9UvmAcqvKNnbRAafSaXG3jPCeXxDKqnc8hFQ==}
    cpu: [arm64]
    os: [android]
    requiresBuild: true
    dev: false
    optional: true

  /esbuild-darwin-64/0.14.14:
    resolution: {integrity: sha512-BEexYmjWafcISK8cT6O98E3TfcLuZL8DKuubry6G54n2+bD4GkoRD6HYUOnCkfl2p7jodA+s4369IjSFSWjtHg==}
    cpu: [x64]
    os: [darwin]
    requiresBuild: true
    dev: false
    optional: true

  /esbuild-darwin-arm64/0.14.14:
    resolution: {integrity: sha512-tnBKm41pDOB1GtZ8q/w26gZlLLRzVmP8fdsduYjvM+yFD7E2DLG4KbPAqFMWm4Md9B+DitBglP57FY7AznxbTg==}
    cpu: [arm64]
    os: [darwin]
    requiresBuild: true
    dev: false
    optional: true

  /esbuild-freebsd-64/0.14.14:
    resolution: {integrity: sha512-Q9Rx6sgArOHalQtNwAaIzJ6dnQ8A+I7f/RsQsdkS3JrdzmnlFo8JEVofTmwVQLoIop7OKUqIVOGP4PoQcwfVMA==}
    cpu: [x64]
    os: [freebsd]
    requiresBuild: true
    dev: false
    optional: true

  /esbuild-freebsd-arm64/0.14.14:
    resolution: {integrity: sha512-TJvq0OpLM7BkTczlyPIphcvnwrQwQDG1HqxzoYePWn26SMUAlt6wrLnEvxdbXAvNvDLVzG83kA+JimjK7aRNBA==}
    cpu: [arm64]
    os: [freebsd]
    requiresBuild: true
    dev: false
    optional: true

  /esbuild-linux-32/0.14.14:
    resolution: {integrity: sha512-h/CrK9Baimt5VRbu8gqibWV7e1P9l+mkanQgyOgv0Ng3jHT1NVFC9e6rb1zbDdaJVmuhWX5xVliUA5bDDCcJeg==}
    cpu: [ia32]
    os: [linux]
    requiresBuild: true
    dev: false
    optional: true

  /esbuild-linux-64/0.14.14:
    resolution: {integrity: sha512-IC+wAiIg/egp5OhQp4W44D9PcBOH1b621iRn1OXmlLzij9a/6BGr9NMIL4CRwz4j2kp3WNZu5sT473tYdynOuQ==}
    cpu: [x64]
    os: [linux]
    requiresBuild: true
    dev: false
    optional: true

  /esbuild-linux-arm/0.14.14:
    resolution: {integrity: sha512-gxpOaHOPwp7zSmcKYsHrtxabScMqaTzfSQioAMUaB047YiMuDBzqVcKBG8OuESrYkGrL9DDljXr/mQNg7pbdaQ==}
    cpu: [arm]
    os: [linux]
    requiresBuild: true
    dev: false
    optional: true

  /esbuild-linux-arm64/0.14.14:
    resolution: {integrity: sha512-6QVul3RI4M5/VxVIRF/I5F+7BaxzR3DfNGoqEVSCZqUbgzHExPn+LXr5ly1C7af2Kw4AHpo+wDqx8A4ziP9avw==}
    cpu: [arm64]
    os: [linux]
    requiresBuild: true
    dev: false
    optional: true

  /esbuild-linux-mips64le/0.14.14:
    resolution: {integrity: sha512-4Jl5/+xoINKbA4cesH3f4R+q0vltAztZ6Jm8YycS8lNhN1pgZJBDxWfI6HUMIAdkKlIpR1PIkA9aXQgZ8sxFAg==}
    cpu: [mips64el]
    os: [linux]
    requiresBuild: true
    dev: false
    optional: true

  /esbuild-linux-ppc64le/0.14.14:
    resolution: {integrity: sha512-BitW37GxeebKxqYNl4SVuSdnIJAzH830Lr6Mkq3pBHXtzQay0vK+IeOR/Ele1GtNVJ+/f8wYM53tcThkv5SC5w==}
    cpu: [ppc64]
    os: [linux]
    requiresBuild: true
    dev: false
    optional: true

  /esbuild-linux-s390x/0.14.14:
    resolution: {integrity: sha512-vLj6p76HOZG3wfuTr5MyO3qW5iu8YdhUNxuY+tx846rPo7GcKtYSPMusQjeVEfZlJpSYoR+yrNBBxq+qVF9zrw==}
    cpu: [s390x]
    os: [linux]
    requiresBuild: true
    dev: false
    optional: true

  /esbuild-netbsd-64/0.14.14:
    resolution: {integrity: sha512-fn8looXPQhpVqUyCBWUuPjesH+yGIyfbIQrLKG05rr1Kgm3rZD/gaYrd3Wpmf5syVZx70pKZPvdHp8OTA+y7cQ==}
    cpu: [x64]
    os: [netbsd]
    requiresBuild: true
    dev: false
    optional: true

  /esbuild-openbsd-64/0.14.14:
    resolution: {integrity: sha512-HdAnJ399pPff3SKbd8g+P4o5znseni5u5n5rJ6Z7ouqOdgbOwHe2ofZbMow17WMdNtz1IyOZk2Wo9Ve6/lZ4Rg==}
    cpu: [x64]
    os: [openbsd]
    requiresBuild: true
    dev: false
    optional: true

  /esbuild-sunos-64/0.14.14:
    resolution: {integrity: sha512-bmDHa99ulsGnYlh/xjBEfxoGuC8CEG5OWvlgD+pF7bKKiVTbtxqVCvOGEZeoDXB+ja6AvHIbPxrEE32J+m5nqQ==}
    cpu: [x64]
    os: [sunos]
    requiresBuild: true
    dev: false
    optional: true

  /esbuild-windows-32/0.14.14:
    resolution: {integrity: sha512-6tVooQcxJCNenPp5GHZBs/RLu31q4B+BuF4MEoRxswT+Eq2JGF0ZWDRQwNKB8QVIo3t6Svc5wNGez+CwKNQjBg==}
    cpu: [ia32]
    os: [win32]
    requiresBuild: true
    dev: false
    optional: true

  /esbuild-windows-64/0.14.14:
    resolution: {integrity: sha512-kl3BdPXh0/RD/dad41dtzj2itMUR4C6nQbXQCyYHHo4zoUoeIXhpCrSl7BAW1nv5EFL8stT1V+TQVXGZca5A2A==}
    cpu: [x64]
    os: [win32]
    requiresBuild: true
    dev: false
    optional: true

  /esbuild-windows-arm64/0.14.14:
    resolution: {integrity: sha512-dCm1wTOm6HIisLanmybvRKvaXZZo4yEVrHh1dY0v582GThXJOzuXGja1HIQgV09RpSHYRL3m4KoUBL00l6SWEg==}
    cpu: [arm64]
    os: [win32]
    requiresBuild: true
    dev: false
    optional: true

  /esbuild/0.14.14:
    resolution: {integrity: sha512-aiK4ddv+uui0k52OqSHu4xxu+SzOim7Rlz4i25pMEiC8rlnGU0HJ9r+ZMfdWL5bzifg+nhnn7x4NSWTeehYblg==}
    hasBin: true
    requiresBuild: true
    optionalDependencies:
      esbuild-android-arm64: 0.14.14
      esbuild-darwin-64: 0.14.14
      esbuild-darwin-arm64: 0.14.14
      esbuild-freebsd-64: 0.14.14
      esbuild-freebsd-arm64: 0.14.14
      esbuild-linux-32: 0.14.14
      esbuild-linux-64: 0.14.14
      esbuild-linux-arm: 0.14.14
      esbuild-linux-arm64: 0.14.14
      esbuild-linux-mips64le: 0.14.14
      esbuild-linux-ppc64le: 0.14.14
      esbuild-linux-s390x: 0.14.14
      esbuild-netbsd-64: 0.14.14
      esbuild-openbsd-64: 0.14.14
      esbuild-sunos-64: 0.14.14
      esbuild-windows-32: 0.14.14
      esbuild-windows-64: 0.14.14
      esbuild-windows-arm64: 0.14.14
    dev: false

  /js-yaml/4.1.0:
    resolution: {integrity: sha512-wpxZs9NoxZaJESJGIZTyDEaYpl0FKSA+FB9aJiyemKhMwkxQg63h4T1KJgUGHpTqPDNRcmmYLugrRjJlBtWvRA==}
    hasBin: true
    dependencies:
      argparse: 2.0.1
    dev: false

  /tsm/2.2.1:
    resolution: {integrity: sha512-qvJB0baPnxQJolZru11mRgGTdNlx17WqgJnle7eht3Vhb+VUR4/zFA5hFl6NqRe7m8BD9w/6yu0B2XciRrdoJA==}
    engines: {node: '>=12'}
    hasBin: true
    dependencies:
      esbuild: 0.14.14
    dev: false

  /typescript/4.5.4:
    resolution: {integrity: sha512-VgYs2A2QIRuGphtzFV7aQJduJ2gyfTljngLzjpfW9FoYZF6xuw1W0vW9ghCKLfcWrCFxK81CSGRAvS1pn4fIUg==}
    engines: {node: '>=4.2.0'}
    hasBin: true
    dev: false

  /yaml/1.10.2:
    resolution: {integrity: sha512-r3vXyErRCYJ7wg28yvBY5VSoAF8ZvlcW9/BwUzEtUsjvX/DKs24dIkuwjtuprwJJHsbyUbLApepYTR1BN4uHrg==}
    engines: {node: '>= 6'}
    dev: false
